{
  "version": 4,
  "terraform_version": "1.14.4",
  "serial": 4,
  "lineage": "b600217d-91e3-af2c-ed8e-eb42b543a786",
  "outputs": {
    "assigned_account_id": {
      "value": "730335481619",
      "type": "string"
    },
    "permission_set_arn": {
      "value": "arn:aws:sso:::permissionSet/ssoins-7758e488bc2dc1f9/ps-7758e098f5d7f8eb",
      "type": "string"
    }
  },
  "resources": [
    {
      "mode": "data",
      "type": "aws_caller_identity",
      "name": "current",
      "provider": "provider[\"registry.terraform.io/hashicorp/aws\"]",
      "instances": [
        {
          "schema_version": 0,
          "attributes": {
            "account_id": "730335481619",
            "arn": "arn:aws:sts::730335481619:assumed-role/AWSReservedSSO_administrator_access_36944a7d62bf5c22/development",
            "id": "730335481619",
            "user_id": "AROA2UC3DB4JTWPCNFPMU:development"
          },
          "sensitive_attributes": [],
          "identity_schema_version": 0
        }
      ]
    },
    {
      "mode": "data",
      "type": "aws_iam_policy_document",
      "name": "bedrock_invoke",
      "provider": "provider[\"registry.terraform.io/hashicorp/aws\"]",
      "instances": [
        {
          "schema_version": 0,
          "attributes": {
            "id": "1192305949",
            "json": "{\n  \"Version\": \"2012-10-17\",\n  \"Statement\": [\n    {\n      \"Sid\": \"AllowBedrockInvokeModel\",\n      \"Effect\": \"Allow\",\n      \"Action\": [\n        \"bedrock:InvokeModelWithResponseStream\",\n        \"bedrock:InvokeModel\"\n      ],\n      \"Resource\": \"arn:aws:bedrock:ap-northeast-1::foundation-model/google.gemma-3-4b-it\"\n    }\n  ]\n}",
            "minified_json": "{\"Version\":\"2012-10-17\",\"Statement\":[{\"Sid\":\"AllowBedrockInvokeModel\",\"Effect\":\"Allow\",\"Action\":[\"bedrock:InvokeModelWithResponseStream\",\"bedrock:InvokeModel\"],\"Resource\":\"arn:aws:bedrock:ap-northeast-1::foundation-model/google.gemma-3-4b-it\"}]}",
            "override_json": null,
            "override_policy_documents": null,
            "policy_id": null,
            "source_json": null,
            "source_policy_documents": null,
            "statement": [
              {
                "actions": [
                  "bedrock:InvokeModel",
                  "bedrock:InvokeModelWithResponseStream"
                ],
                "condition": [],
                "effect": "Allow",
                "not_actions": [],
                "not_principals": [],
                "not_resources": [],
                "principals": [],
                "resources": [
                  "arn:aws:bedrock:ap-northeast-1::foundation-model/google.gemma-3-4b-it"
                ],
                "sid": "AllowBedrockInvokeModel"
              }
            ],
            "version": "2012-10-17"
          },
          "sensitive_attributes": [],
          "identity_schema_version": 0
        }
      ]
    },
    {
      "mode": "data",
      "type": "aws_identitystore_user",
      "name": "development",
      "provider": "provider[\"registry.terraform.io/hashicorp/aws\"]",
      "instances": [
        {
          "schema_version": 0,
          "attributes": {
            "addresses": [],
            "alternate_identifier": [
              {
                "external_id": [],
                "unique_attribute": [
                  {
                    "attribute_path": "UserName",
                    "attribute_value": "development"
                  }
                ]
              }
            ],
            "display_name": "takuya takeo",
            "emails": [
              {
                "primary": true,
                "type": "work",
                "value": "tac829@gmail.com"
              }
            ],
            "external_ids": [],
            "filter": null,
            "id": "37748a78-90f1-7019-3a57-0f8c10396857",
            "identity_store_id": "d-9567ad89da",
            "locale": "",
            "name": [
              {
                "family_name": "takeo",
                "formatted": "",
                "given_name": "takuya",
                "honorific_prefix": "",
                "honorific_suffix": "",
                "middle_name": ""
              }
            ],
            "nickname": "",
            "phone_numbers": [],
            "preferred_language": "",
            "profile_url": "",
            "timezone": "",
            "title": "",
            "user_id": "37748a78-90f1-7019-3a57-0f8c10396857",
            "user_name": "development",
            "user_type": ""
          },
          "sensitive_attributes": [],
          "identity_schema_version": 0
        }
      ]
    },
    {
      "mode": "data",
      "type": "aws_ssoadmin_instances",
      "name": "this",
      "provider": "provider[\"registry.terraform.io/hashicorp/aws\"]",
      "instances": [
        {
          "schema_version": 0,
          "attributes": {
            "arns": [
              "arn:aws:sso:::instance/ssoins-7758e488bc2dc1f9"
            ],
            "id": "ap-northeast-1",
            "identity_store_ids": [
              "d-9567ad89da"
            ]
          },
          "sensitive_attributes": [],
          "identity_schema_version": 0
        }
      ]
    },
    {
      "mode": "managed",
      "type": "aws_ssoadmin_account_assignment",
      "name": "slack_bot_bedrock_assignment",
      "provider": "provider[\"registry.terraform.io/hashicorp/aws\"]",
      "instances": [
        {
          "schema_version": 0,
          "attributes": {
            "id": "37748a78-90f1-7019-3a57-0f8c10396857,USER,730335481619,AWS_ACCOUNT,arn:aws:sso:::permissionSet/ssoins-7758e488bc2dc1f9/ps-7758e098f5d7f8eb,arn:aws:sso:::instance/ssoins-7758e488bc2dc1f9",
            "instance_arn": "arn:aws:sso:::instance/ssoins-7758e488bc2dc1f9",
            "permission_set_arn": "arn:aws:sso:::permissionSet/ssoins-7758e488bc2dc1f9/ps-7758e098f5d7f8eb",
            "principal_id": "37748a78-90f1-7019-3a57-0f8c10396857",
            "principal_type": "USER",
            "target_id": "730335481619",
            "target_type": "AWS_ACCOUNT",
            "timeouts": null
          },
          "sensitive_attributes": [],
          "identity_schema_version": 0,
          "private": "eyJlMmJmYjczMC1lY2FhLTExZTYtOGY4OC0zNDM2M2JjN2M0YzAiOnsiY3JlYXRlIjozMDAwMDAwMDAwMDAsImRlbGV0ZSI6MzAwMDAwMDAwMDAwfX0=",
          "dependencies": [
            "aws_ssoadmin_permission_set.slack_bot_bedrock",
            "data.aws_caller_identity.current",
            "data.aws_identitystore_user.development",
            "data.aws_ssoadmin_instances.this"
          ]
        }
      ]
    },
    {
      "mode": "managed",
      "type": "aws_ssoadmin_permission_set",
      "name": "slack_bot_bedrock",
      "provider": "provider[\"registry.terraform.io/hashicorp/aws\"]",
      "instances": [
        {
          "schema_version": 0,
          "attributes": {
            "arn": "arn:aws:sso:::permissionSet/ssoins-7758e488bc2dc1f9/ps-7758e098f5d7f8eb",
            "created_date": "2026-07-23T08:18:57Z",
            "description": "Slack bot local dev: allow invoking a specific Bedrock model",
            "id": "arn:aws:sso:::permissionSet/ssoins-7758e488bc2dc1f9/ps-7758e098f5d7f8eb,arn:aws:sso:::instance/ssoins-7758e488bc2dc1f9",
            "instance_arn": "arn:aws:sso:::instance/ssoins-7758e488bc2dc1f9",
            "name": "SlackBotBedrockAccess",
            "relay_state": "",
            "session_duration": "PT12H",
            "tags": null,
            "tags_all": {},
            "timeouts": null
          },
          "sensitive_attributes": [],
          "identity_schema_version": 0,
          "private": "eyJlMmJmYjczMC1lY2FhLTExZTYtOGY4OC0zNDM2M2JjN2M0YzAiOnsidXBkYXRlIjo2MDAwMDAwMDAwMDB9fQ==",
          "dependencies": [
            "data.aws_ssoadmin_instances.this"
          ]
        }
      ]
    },
    {
      "mode": "managed",
      "type": "aws_ssoadmin_permission_set_inline_policy",
      "name": "slack_bot_bedrock",
      "provider": "provider[\"registry.terraform.io/hashicorp/aws\"]",
      "instances": [
        {
          "schema_version": 0,
          "attributes": {
            "id": "arn:aws:sso:::permissionSet/ssoins-7758e488bc2dc1f9/ps-7758e098f5d7f8eb,arn:aws:sso:::instance/ssoins-7758e488bc2dc1f9",
            "inline_policy": "{\"Statement\":[{\"Action\":[\"bedrock:InvokeModelWithResponseStream\",\"bedrock:InvokeModel\"],\"Effect\":\"Allow\",\"Resource\":\"arn:aws:bedrock:ap-northeast-1::foundation-model/google.gemma-3-4b-it\",\"Sid\":\"AllowBedrockInvokeModel\"}],\"Version\":\"2012-10-17\"}",
            "instance_arn": "arn:aws:sso:::instance/ssoins-7758e488bc2dc1f9",
            "permission_set_arn": "arn:aws:sso:::permissionSet/ssoins-7758e488bc2dc1f9/ps-7758e098f5d7f8eb",
            "timeouts": null
          },
          "sensitive_attributes": [],
          "identity_schema_version": 0,
          "private": "eyJlMmJmYjczMC1lY2FhLTExZTYtOGY4OC0zNDM2M2JjN2M0YzAiOnsiY3JlYXRlIjo2MDAwMDAwMDAwMDAsImRlbGV0ZSI6NjAwMDAwMDAwMDAwfX0=",
          "dependencies": [
            "aws_ssoadmin_permission_set.slack_bot_bedrock",
            "data.aws_iam_policy_document.bedrock_invoke",
            "data.aws_ssoadmin_instances.this"
          ]
        }
      ]
    }
  ],
  "check_results": null
}
